
Microsoft Visual Studio Solution File, Format Version 12.00
# Visual Studio 14
VisualStudioVersion = 14.0.24720.0
MinimumVisualStudioVersion = 10.0.40219.1
Project("{FAE04EC0-301F-11D3-BF4B-00C04F79EFBC}") = "ConsoleApplication1", "ConsoleApplication1\ConsoleApplication1.csproj", "{EC515B19-1827-4F76-9D0F-6AD498A4840A}"
EndProject
Global
	GlobalSection(SolutionConfigurationPlatforms) = preSolution
		Debug|Any CPU = Debug|Any CPU
		Release|Any CPU = Release|Any CPU
	EndGlobalSection
	GlobalSection(ProjectConfigurationPlatforms) = postSolution
		{EC515B19-1827-4F76-9D0F-6AD498A4840A}.Debug|Any CPU.ActiveCfg = Debug|Any CPU
		{EC515B19-1827-4F76-9D0F-6AD498A4840A}.Debug|Any CPU.Build.0 = Debug|Any CPU
		{EC515B19-1827-4F76-9D0F-6AD498A4840A}.Release|Any CPU.ActiveCfg = Release|Any CPU
		{EC515B19-1827-4F76-9D0F-6AD498A4840A}.Release|Any CPU.Build.0 = Release|Any CPU
	EndGlobalSection
	GlobalSection(SolutionProperties) = preSolution
		HideSolutionNode = FALSE
	EndGlobalSection
EndGlobal
